// !$*UTF8*$!
{
	archiveVersion = 1;
	classes = {
	};
	objectVersion = 46;
	objects = {

/* Begin PBXBuildFile section */
		352E25741F2F1B1B004DE14E /* NewsTableViewCell.swift in Sources */ = {isa = PBXBuildFile; fileRef = 352E25731F2F1B1B004DE14E /* NewsTableViewCell.swift */; };
		352E25761F2F1D6E004DE14E /* News.swift in Sources */ = {isa = PBXBuildFile; fileRef = 352E25751F2F1D6E004DE14E /* News.swift */; };
		355B5EC11F260ABE007D536E /* AppDelegate.swift in Sources */ = {isa = PBXBuildFile; fileRef = 355B5EC01F260ABE007D536E /* AppDelegate.swift */; };
		355B5EC51F260ABE007D536E /* MapViewController.swift in Sources */ = {isa = PBXBuildFile; fileRef = 355B5EC41F260ABE007D536E /* MapViewController.swift */; };
		355B5EC81F260ABE007D536E /* Main.storyboard in Resources */ = {isa = PBXBuildFile; fileRef = 355B5EC61F260ABE007D536E /* Main.storyboard */; };
		355B5ECA1F260ABE007D536E /* Assets.xcassets in Resources */ = {isa = PBXBuildFile; fileRef = 355B5EC91F260ABE007D536E /* Assets.xcassets */; };
		355B5ECD1F260ABE007D536E /* LaunchScreen.storyboard in Resources */ = {isa = PBXBuildFile; fileRef = 355B5ECB1F260ABE007D536E /* LaunchScreen.storyboard */; };
		355B5ED81F260ABE007D536E /* MedCampusNaviWithExtrasTests.swift in Sources */ = {isa = PBXBuildFile; fileRef = 355B5ED71F260ABE007D536E /* MedCampusNaviWithExtrasTests.swift */; };
		355B5EE31F260ABE007D536E /* MedCampusNaviWithExtrasUITests.swift in Sources */ = {isa = PBXBuildFile; fileRef = 355B5EE21F260ABE007D536E /* MedCampusNaviWithExtrasUITests.swift */; };
		355B5EF11F2615EC007D536E /* JSInterface.swift in Sources */ = {isa = PBXBuildFile; fileRef = 355B5EF01F2615EC007D536E /* JSInterface.swift */; };
		355B5EF31F263177007D536E /* Event.swift in Sources */ = {isa = PBXBuildFile; fileRef = 355B5EF21F263177007D536E /* Event.swift */; };
		35A0F74A1F38730E00FD417D /* NavigationTableViewController.swift in Sources */ = {isa = PBXBuildFile; fileRef = 35A0F7491F38730E00FD417D /* NavigationTableViewController.swift */; };
		35A0F7551F399FAE00FD417D /* CoreBluetooth.framework in Frameworks */ = {isa = PBXBuildFile; fileRef = 35A0F7541F399FAE00FD417D /* CoreBluetooth.framework */; };
		35A0F7571F399FC200FD417D /* JavaScriptCore.framework in Frameworks */ = {isa = PBXBuildFile; fileRef = 35A0F7561F399FC200FD417D /* JavaScriptCore.framework */; };
		35A0F7591F399FD900FD417D /* UIKit.framework in Frameworks */ = {isa = PBXBuildFile; fileRef = 35A0F7581F399FD900FD417D /* UIKit.framework */; };
		35A0F75B1F399FE900FD417D /* Foundation.framework in Frameworks */ = {isa = PBXBuildFile; fileRef = 35A0F75A1F399FE900FD417D /* Foundation.framework */; settings = {ATTRIBUTES = (Required, ); }; };
		35A4E5881F320B6300A9329D /* ImpressumViewController.swift in Sources */ = {isa = PBXBuildFile; fileRef = 35A4E5871F320B6300A9329D /* ImpressumViewController.swift */; };
		35A4E58A1F32FEF000A9329D /* Util.swift in Sources */ = {isa = PBXBuildFile; fileRef = 35A4E5891F32FEF000A9329D /* Util.swift */; };
		35D6BDE41F3078420040DE91 /* NewsViewController.swift in Sources */ = {isa = PBXBuildFile; fileRef = 35D6BDE31F3078420040DE91 /* NewsViewController.swift */; };
		35D6BDEB1F30AE890040DE91 /* EventTableViewCell.swift in Sources */ = {isa = PBXBuildFile; fileRef = 35D6BDEA1F30AE890040DE91 /* EventTableViewCell.swift */; };
		35D6BDED1F30B33F0040DE91 /* EventTableViewController.swift in Sources */ = {isa = PBXBuildFile; fileRef = 35D6BDEC1F30B33F0040DE91 /* EventTableViewController.swift */; };
		35D6BDEF1F31A0020040DE91 /* HTTP.swift in Sources */ = {isa = PBXBuildFile; fileRef = 35D6BDEE1F31A0020040DE91 /* HTTP.swift */; };
/* End PBXBuildFile section */

/* Begin PBXContainerItemProxy section */
		355B5ED41F260ABE007D536E /* PBXContainerItemProxy */ = {
			isa = PBXContainerItemProxy;
			containerPortal = 355B5EB51F260ABE007D536E /* Project object */;
			proxyType = 1;
			remoteGlobalIDString = 355B5EBC1F260ABE007D536E;
			remoteInfo = MedCampusNaviWithExtras;
		};
		355B5EDF1F260ABE007D536E /* PBXContainerItemProxy */ = {
			isa = PBXContainerItemProxy;
			containerPortal = 355B5EB51F260ABE007D536E /* Project object */;
			proxyType = 1;
			remoteGlobalIDString = 355B5EBC1F260ABE007D536E;
			remoteInfo = MedCampusNaviWithExtras;
		};
/* End PBXContainerItemProxy section */

/* Begin PBXFileReference section */
		352E25731F2F1B1B004DE14E /* NewsTableViewCell.swift */ = {isa = PBXFileReference; fileEncoding = 4; lastKnownFileType = sourcecode.swift; path = NewsTableViewCell.swift; sourceTree = "<group>"; };
		352E25751F2F1D6E004DE14E /* News.swift */ = {isa = PBXFileReference; fileEncoding = 4; lastKnownFileType = sourcecode.swift; path = News.swift; sourceTree = "<group>"; };
		355B5EBD1F260ABE007D536E /* MedCampusNaviWithExtras.app */ = {isa = PBXFileReference; explicitFileType = wrapper.application; includeInIndex = 0; path = MedCampusNaviWithExtras.app; sourceTree = BUILT_PRODUCTS_DIR; };
		355B5EC01F260ABE007D536E /* AppDelegate.swift */ = {isa = PBXFileReference; lastKnownFileType = sourcecode.swift; path = AppDelegate.swift; sourceTree = "<group>"; };
		355B5EC41F260ABE007D536E /* MapViewController.swift */ = {isa = PBXFileReference; lastKnownFileType = sourcecode.swift; path = MapViewController.swift; sourceTree = "<group>"; };
		355B5EC71F260ABE007D536E /* Base */ = {isa = PBXFileReference; lastKnownFileType = file.storyboard; name = Base; path = Base.lproj/Main.storyboard; sourceTree = "<group>"; };
		355B5EC91F260ABE007D536E /* Assets.xcassets */ = {isa = PBXFileReference; lastKnownFileType = folder.assetcatalog; path = Assets.xcassets; sourceTree = "<group>"; };
		355B5ECC1F260ABE007D536E /* Base */ = {isa = PBXFileReference; lastKnownFileType = file.storyboard; name = Base; path = Base.lproj/LaunchScreen.storyboard; sourceTree = "<group>"; };
		355B5ED31F260ABE007D536E /* MedCampusNaviWithExtrasTests.xctest */ = {isa = PBXFileReference; explicitFileType = wrapper.cfbundle; includeInIndex = 0; path = MedCampusNaviWithExtrasTests.xctest; sourceTree = BUILT_PRODUCTS_DIR; };
		355B5ED71F260ABE007D536E /* MedCampusNaviWithExtrasTests.swift */ = {isa = PBXFileReference; lastKnownFileType = sourcecode.swift; path = MedCampusNaviWithExtrasTests.swift; sourceTree = "<group>"; };
		355B5ED91F260ABE007D536E /* Info.plist */ = {isa = PBXFileReference; lastKnownFileType = text.plist.xml; path = Info.plist; sourceTree = "<group>"; };
		355B5EDE1F260ABE007D536E /* MedCampusNaviWithExtrasUITests.xctest */ = {isa = PBXFileReference; explicitFileType = wrapper.cfbundle; includeInIndex = 0; path = MedCampusNaviWithExtrasUITests.xctest; sourceTree = BUILT_PRODUCTS_DIR; };
		355B5EE21F260ABE007D536E /* MedCampusNaviWithExtrasUITests.swift */ = {isa = PBXFileReference; lastKnownFileType = sourcecode.swift; path = MedCampusNaviWithExtrasUITests.swift; sourceTree = "<group>"; };
		355B5EE41F260ABE007D536E /* Info.plist */ = {isa = PBXFileReference; lastKnownFileType = text.plist.xml; path = Info.plist; sourceTree = "<group>"; };
		355B5EF01F2615EC007D536E /* JSInterface.swift */ = {isa = PBXFileReference; fileEncoding = 4; lastKnownFileType = sourcecode.swift; path = JSInterface.swift; sourceTree = "<group>"; };
		355B5EF21F263177007D536E /* Event.swift */ = {isa = PBXFileReference; fileEncoding = 4; lastKnownFileType = sourcecode.swift; path = Event.swift; sourceTree = "<group>"; };
		35A0F7491F38730E00FD417D /* NavigationTableViewController.swift */ = {isa = PBXFileReference; fileEncoding = 4; lastKnownFileType = sourcecode.swift; path = NavigationTableViewController.swift; sourceTree = "<group>"; };
		35A0F7541F399FAE00FD417D /* CoreBluetooth.framework */ = {isa = PBXFileReference; lastKnownFileType = wrapper.framework; name = CoreBluetooth.framework; path = System/Library/Frameworks/CoreBluetooth.framework; sourceTree = SDKROOT; };
		35A0F7561F399FC200FD417D /* JavaScriptCore.framework */ = {isa = PBXFileReference; lastKnownFileType = wrapper.framework; name = JavaScriptCore.framework; path = System/Library/Frameworks/JavaScriptCore.framework; sourceTree = SDKROOT; };
		35A0F7581F399FD900FD417D /* UIKit.framework */ = {isa = PBXFileReference; lastKnownFileType = wrapper.framework; name = UIKit.framework; path = System/Library/Frameworks/UIKit.framework; sourceTree = SDKROOT; };
		35A0F75A1F399FE900FD417D /* Foundation.framework */ = {isa = PBXFileReference; lastKnownFileType = wrapper.framework; name = Foundation.framework; path = System/Library/Frameworks/Foundation.framework; sourceTree = SDKROOT; };
		35A0F75C1F39A62800FD417D /* Info.plist */ = {isa = PBXFileReference; fileEncoding = 4; lastKnownFileType = text.plist.xml; path = Info.plist; sourceTree = "<group>"; };
		35A4E5871F320B6300A9329D /* ImpressumViewController.swift */ = {isa = PBXFileReference; fileEncoding = 4; lastKnownFileType = sourcecode.swift; path = ImpressumViewController.swift; sourceTree = "<group>"; };
		35A4E5891F32FEF000A9329D /* Util.swift */ = {isa = PBXFileReference; fileEncoding = 4; lastKnownFileType = sourcecode.swift; path = Util.swift; sourceTree = "<group>"; };
		35D6BDE31F3078420040DE91 /* NewsViewController.swift */ = {isa = PBXFileReference; fileEncoding = 4; lastKnownFileType = sourcecode.swift; path = NewsViewController.swift; sourceTree = "<group>"; };
		35D6BDEA1F30AE890040DE91 /* EventTableViewCell.swift */ = {isa = PBXFileReference; fileEncoding = 4; lastKnownFileType = sourcecode.swift; path = EventTableViewCell.swift; sourceTree = "<group>"; };
		35D6BDEC1F30B33F0040DE91 /* EventTableViewController.swift */ = {isa = PBXFileReference; fileEncoding = 4; lastKnownFileType = sourcecode.swift; path = EventTableViewController.swift; sourceTree = "<group>"; };
		35D6BDEE1F31A0020040DE91 /* HTTP.swift */ = {isa = PBXFileReference; fileEncoding = 4; lastKnownFileType = sourcecode.swift; path = HTTP.swift; sourceTree = "<group>"; };
/* End PBXFileReference section */

/* Begin PBXFrameworksBuildPhase section */
		355B5EBA1F260ABE007D536E /* Frameworks */ = {
			isa = PBXFrameworksBuildPhase;
			buildActionMask = 2147483647;
			files = (
				35A0F75B1F399FE900FD417D /* Foundation.framework in Frameworks */,
				35A0F7591F399FD900FD417D /* UIKit.framework in Frameworks */,
				35A0F7571F399FC200FD417D /* JavaScriptCore.framework in Frameworks */,
				35A0F7551F399FAE00FD417D /* CoreBluetooth.framework in Frameworks */,
			);
			runOnlyForDeploymentPostprocessing = 0;
		};
		355B5ED01F260ABE007D536E /* Frameworks */ = {
			isa = PBXFrameworksBuildPhase;
			buildActionMask = 2147483647;
			files = (
			);
			runOnlyForDeploymentPostprocessing = 0;
		};
		355B5EDB1F260ABE007D536E /* Frameworks */ = {
			isa = PBXFrameworksBuildPhase;
			buildActionMask = 2147483647;
			files = (
			);
			runOnlyForDeploymentPostprocessing = 0;
		};
/* End PBXFrameworksBuildPhase section */

/* Begin PBXGroup section */
		352E25771F2F1E64004DE14E /* Models */ = {
			isa = PBXGroup;
			children = (
				352E25751F2F1D6E004DE14E /* News.swift */,
				355B5EF21F263177007D536E /* Event.swift */,
			);
			name = Models;
			sourceTree = "<group>";
		};
		352E25781F2F1E82004DE14E /* ViewController */ = {
			isa = PBXGroup;
			children = (
				35A0F7481F3872CD00FD417D /* Nav */,
				35D6BDE71F30A9380040DE91 /* Map */,
				35D6BDE61F30A92B0040DE91 /* Event */,
				35D6BDE51F30A91B0040DE91 /* News */,
				35A4E58B1F3309C700A9329D /* AboutUs */,
			);
			name = ViewController;
			sourceTree = "<group>";
		};
		352E25791F2F1E9E004DE14E /* Util */ = {
			isa = PBXGroup;
			children = (
				355B5EF01F2615EC007D536E /* JSInterface.swift */,
				35D6BDEE1F31A0020040DE91 /* HTTP.swift */,
				35A4E5891F32FEF000A9329D /* Util.swift */,
			);
			name = Util;
			sourceTree = "<group>";
		};
		352E257A1F2F26EE004DE14E /* Storyboards */ = {
			isa = PBXGroup;
			children = (
				355B5EC61F260ABE007D536E /* Main.storyboard */,
				355B5ECB1F260ABE007D536E /* LaunchScreen.storyboard */,
			);
			name = Storyboards;
			sourceTree = "<group>";
		};
		355B5EB41F260ABE007D536E = {
			isa = PBXGroup;
			children = (
				355B5EBF1F260ABE007D536E /* MedCampusNaviWithExtras */,
				355B5ED61F260ABE007D536E /* MedCampusNaviWithExtrasTests */,
				355B5EE11F260ABE007D536E /* MedCampusNaviWithExtrasUITests */,
				355B5EBE1F260ABE007D536E /* Products */,
				35A0F7531F399FAD00FD417D /* Frameworks */,
			);
			sourceTree = "<group>";
		};
		355B5EBE1F260ABE007D536E /* Products */ = {
			isa = PBXGroup;
			children = (
				355B5EBD1F260ABE007D536E /* MedCampusNaviWithExtras.app */,
				355B5ED31F260ABE007D536E /* MedCampusNaviWithExtrasTests.xctest */,
				355B5EDE1F260ABE007D536E /* MedCampusNaviWithExtrasUITests.xctest */,
			);
			name = Products;
			sourceTree = "<group>";
		};
		355B5EBF1F260ABE007D536E /* MedCampusNaviWithExtras */ = {
			isa = PBXGroup;
			children = (
				35A0F75C1F39A62800FD417D /* Info.plist */,
				352E257A1F2F26EE004DE14E /* Storyboards */,
				352E25781F2F1E82004DE14E /* ViewController */,
				352E25771F2F1E64004DE14E /* Models */,
				352E25791F2F1E9E004DE14E /* Util */,
				355B5EC91F260ABE007D536E /* Assets.xcassets */,
				355B5EC01F260ABE007D536E /* AppDelegate.swift */,
			);
			path = MedCampusNaviWithExtras;
			sourceTree = "<group>";
		};
		355B5ED61F260ABE007D536E /* MedCampusNaviWithExtrasTests */ = {
			isa = PBXGroup;
			children = (
				355B5ED71F260ABE007D536E /* MedCampusNaviWithExtrasTests.swift */,
				355B5ED91F260ABE007D536E /* Info.plist */,
			);
			path = MedCampusNaviWithExtrasTests;
			sourceTree = "<group>";
		};
		355B5EE11F260ABE007D536E /* MedCampusNaviWithExtrasUITests */ = {
			isa = PBXGroup;
			children = (
				355B5EE21F260ABE007D536E /* MedCampusNaviWithExtrasUITests.swift */,
				355B5EE41F260ABE007D536E /* Info.plist */,
			);
			path = MedCampusNaviWithExtrasUITests;
			sourceTree = "<group>";
		};
		35A0F7481F3872CD00FD417D /* Nav */ = {
			isa = PBXGroup;
			children = (
				35A0F7491F38730E00FD417D /* NavigationTableViewController.swift */,
			);
			name = Nav;
			sourceTree = "<group>";
		};
		35A0F7531F399FAD00FD417D /* Frameworks */ = {
			isa = PBXGroup;
			children = (
				35A0F75A1F399FE900FD417D /* Foundation.framework */,
				35A0F7581F399FD900FD417D /* UIKit.framework */,
				35A0F7561F399FC200FD417D /* JavaScriptCore.framework */,
				35A0F7541F399FAE00FD417D /* CoreBluetooth.framework */,
			);
			name = Frameworks;
			sourceTree = "<group>";
		};
		35A4E58B1F3309C700A9329D /* AboutUs */ = {
			isa = PBXGroup;
			children = (
				35A4E5871F320B6300A9329D /* ImpressumViewController.swift */,
			);
			name = AboutUs;
			sourceTree = "<group>";
		};
		35D6BDE51F30A91B0040DE91 /* News */ = {
			isa = PBXGroup;
			children = (
				352E25731F2F1B1B004DE14E /* NewsTableViewCell.swift */,
				35D6BDE31F3078420040DE91 /* NewsViewController.swift */,
			);
			name = News;
			sourceTree = "<group>";
		};
		35D6BDE61F30A92B0040DE91 /* Event */ = {
			isa = PBXGroup;
			children = (
				35D6BDEA1F30AE890040DE91 /* EventTableViewCell.swift */,
				35D6BDEC1F30B33F0040DE91 /* EventTableViewController.swift */,
			);
			name = Event;
			sourceTree = "<group>";
		};
		35D6BDE71F30A9380040DE91 /* Map */ = {
			isa = PBXGroup;
			children = (
				355B5EC41F260ABE007D536E /* MapViewController.swift */,
			);
			name = Map;
			sourceTree = "<group>";
		};
/* End PBXGroup section */

/* Begin PBXNativeTarget section */
		355B5EBC1F260ABE007D536E /* MedCampusNaviWithExtras */ = {
			isa = PBXNativeTarget;
			buildConfigurationList = 355B5EE71F260ABE007D536E /* Build configuration list for PBXNativeTarget "MedCampusNaviWithExtras" */;
			buildPhases = (
				355B5EB91F260ABE007D536E /* Sources */,
				355B5EBA1F260ABE007D536E /* Frameworks */,
				355B5EBB1F260ABE007D536E /* Resources */,
			);
			buildRules = (
			);
			dependencies = (
			);
			name = MedCampusNaviWithExtras;
			productName = MedCampusNaviWithExtras;
			productReference = 355B5EBD1F260ABE007D536E /* MedCampusNaviWithExtras.app */;
			productType = "com.apple.product-type.application";
		};
		355B5ED21F260ABE007D536E /* MedCampusNaviWithExtrasTests */ = {
			isa = PBXNativeTarget;
			buildConfigurationList = 355B5EEA1F260ABE007D536E /* Build configuration list for PBXNativeTarget "MedCampusNaviWithExtrasTests" */;
			buildPhases = (
				355B5ECF1F260ABE007D536E /* Sources */,
				355B5ED01F260ABE007D536E /* Frameworks */,
				355B5ED11F260ABE007D536E /* Resources */,
			);
			buildRules = (
			);
			dependencies = (
				355B5ED51F260ABE007D536E /* PBXTargetDependency */,
			);
			name = MedCampusNaviWithExtrasTests;
			productName = MedCampusNaviWithExtrasTests;
			productReference = 355B5ED31F260ABE007D536E /* MedCampusNaviWithExtrasTests.xctest */;
			productType = "com.apple.product-type.bundle.unit-test";
		};
		355B5EDD1F260ABE007D536E /* MedCampusNaviWithExtrasUITests */ = {
			isa = PBXNativeTarget;
			buildConfigurationList = 355B5EED1F260ABE007D536E /* Build configuration list for PBXNativeTarget "MedCampusNaviWithExtrasUITests" */;
			buildPhases = (
				355B5EDA1F260ABE007D536E /* Sources */,
				355B5EDB1F260ABE007D536E /* Frameworks */,
				355B5EDC1F260ABE007D536E /* Resources */,
			);
			buildRules = (
			);
			dependencies = (
				355B5EE01F260ABE007D536E /* PBXTargetDependency */,
			);
			name = MedCampusNaviWithExtrasUITests;
			productName = MedCampusNaviWithExtrasUITests;
			productReference = 355B5EDE1F260ABE007D536E /* MedCampusNaviWithExtrasUITests.xctest */;
			productType = "com.apple.product-type.bundle.ui-testing";
		};
/* End PBXNativeTarget section */

/* Begin PBXProject section */
		355B5EB51F260ABE007D536E /* Project object */ = {
			isa = PBXProject;
			attributes = {
				LastSwiftUpdateCheck = 0830;
				LastUpgradeCheck = 0830;
				ORGANIZATIONNAME = mug;
				TargetAttributes = {
					355B5EBC1F260ABE007D536E = {
						CreatedOnToolsVersion = 8.3.3;
						DevelopmentTeam = A4T23767YU;
						ProvisioningStyle = Automatic;
					};
					355B5ED21F260ABE007D536E = {
						CreatedOnToolsVersion = 8.3.3;
						DevelopmentTeam = 87HXM2W5TD;
						ProvisioningStyle = Automatic;
						TestTargetID = 355B5EBC1F260ABE007D536E;
					};
					355B5EDD1F260ABE007D536E = {
						CreatedOnToolsVersion = 8.3.3;
						DevelopmentTeam = 87HXM2W5TD;
						ProvisioningStyle = Automatic;
						TestTargetID = 355B5EBC1F260ABE007D536E;
					};
				};
			};
			buildConfigurationList = 355B5EB81F260ABE007D536E /* Build configuration list for PBXProject "MedCampusNaviWithExtras" */;
			compatibilityVersion = "Xcode 3.2";
			developmentRegion = English;
			hasScannedForEncodings = 0;
			knownRegions = (
				en,
				Base,
			);
			mainGroup = 355B5EB41F260ABE007D536E;
			productRefGroup = 355B5EBE1F260ABE007D536E /* Products */;
			projectDirPath = "";
			projectRoot = "";
			targets = (
				355B5EBC1F260ABE007D536E /* MedCampusNaviWithExtras */,
				355B5ED21F260ABE007D536E /* MedCampusNaviWithExtrasTests */,
				355B5EDD1F260ABE007D536E /* MedCampusNaviWithExtrasUITests */,
			);
		};
/* End PBXProject section */

/* Begin PBXResourcesBuildPhase section */
		355B5EBB1F260ABE007D536E /* Resources */ = {
			isa = PBXResourcesBuildPhase;
			buildActionMask = 2147483647;
			files = (
				355B5ECD1F260ABE007D536E /* LaunchScreen.storyboard in Resources */,
				355B5ECA1F260ABE007D536E /* Assets.xcassets in Resources */,
				355B5EC81F260ABE007D536E /* Main.storyboard in Resources */,
			);
			runOnlyForDeploymentPostprocessing = 0;
		};
		355B5ED11F260ABE007D536E /* Resources */ = {
			isa = PBXResourcesBuildPhase;
			buildActionMask = 2147483647;
			files = (
			);
			runOnlyForDeploymentPostprocessing = 0;
		};
		355B5EDC1F260ABE007D536E /* Resources */ = {
			isa = PBXResourcesBuildPhase;
			buildActionMask = 2147483647;
			files = (
			);
			runOnlyForDeploymentPostprocessing = 0;
		};
/* End PBXResourcesBuildPhase section */

/* Begin PBXSourcesBuildPhase section */
		355B5EB91F260ABE007D536E /* Sources */ = {
			isa = PBXSourcesBuildPhase;
			buildActionMask = 2147483647;
			files = (
				355B5EC51F260ABE007D536E /* MapViewController.swift in Sources */,
				352E25741F2F1B1B004DE14E /* NewsTableViewCell.swift in Sources */,
				352E25761F2F1D6E004DE14E /* News.swift in Sources */,
				35A4E5881F320B6300A9329D /* ImpressumViewController.swift in Sources */,
				355B5EC11F260ABE007D536E /* AppDelegate.swift in Sources */,
				35D6BDED1F30B33F0040DE91 /* EventTableViewController.swift in Sources */,
				35D6BDEF1F31A0020040DE91 /* HTTP.swift in Sources */,
				35A4E58A1F32FEF000A9329D /* Util.swift in Sources */,
				355B5EF11F2615EC007D536E /* JSInterface.swift in Sources */,
				35D6BDE41F3078420040DE91 /* NewsViewController.swift in Sources */,
				355B5EF31F263177007D536E /* Event.swift in Sources */,
				35D6BDEB1F30AE890040DE91 /* EventTableViewCell.swift in Sources */,
				35A0F74A1F38730E00FD417D /* NavigationTableViewController.swift in Sources */,
			);
			runOnlyForDeploymentPostprocessing = 0;
		};
		355B5ECF1F260ABE007D536E /* Sources */ = {
			isa = PBXSourcesBuildPhase;
			buildActionMask = 2147483647;
			files = (
				355B5ED81F260ABE007D536E /* MedCampusNaviWithExtrasTests.swift in Sources */,
			);
			runOnlyForDeploymentPostprocessing = 0;
		};
		355B5EDA1F260ABE007D536E /* Sources */ = {
			isa = PBXSourcesBuildPhase;
			buildActionMask = 2147483647;
			files = (
				355B5EE31F260ABE007D536E /* MedCampusNaviWithExtrasUITests.swift in Sources */,
			);
			runOnlyForDeploymentPostprocessing = 0;
		};
/* End PBXSourcesBuildPhase section */

/* Begin PBXTargetDependency section */
		355B5ED51F260ABE007D536E /* PBXTargetDependency */ = {
			isa = PBXTargetDependency;
			target = 355B5EBC1F260ABE007D536E /* MedCampusNaviWithExtras */;
			targetProxy = 355B5ED41F260ABE007D536E /* PBXContainerItemProxy */;
		};
		355B5EE01F260ABE007D536E /* PBXTargetDependency */ = {
			isa = PBXTargetDependency;
			target = 355B5EBC1F260ABE007D536E /* MedCampusNaviWithExtras */;
			targetProxy = 355B5EDF1F260ABE007D536E /* PBXContainerItemProxy */;
		};
/* End PBXTargetDependency section */

/* Begin PBXVariantGroup section */
		355B5EC61F260ABE007D536E /* Main.storyboard */ = {
			isa = PBXVariantGroup;
			children = (
				355B5EC71F260ABE007D536E /* Base */,
			);
			name = Main.storyboard;
			sourceTree = "<group>";
		};
		355B5ECB1F260ABE007D536E /* LaunchScreen.storyboard */ = {
			isa = PBXVariantGroup;
			children = (
				355B5ECC1F260ABE007D536E /* Base */,
			);
			name = LaunchScreen.storyboard;
			sourceTree = "<group>";
		};
/* End PBXVariantGroup section */

/* Begin XCBuildConfiguration section */
		355B5EE51F260ABE007D536E /* Debug */ = {
			isa = XCBuildConfiguration;
			buildSettings = {
				ALWAYS_SEARCH_USER_PATHS = NO;
				CLANG_ANALYZER_NONNULL = YES;
				CLANG_ANALYZER_NUMBER_OBJECT_CONVERSION = YES_AGGRESSIVE;
				CLANG_CXX_LANGUAGE_STANDARD = "gnu++0x";
				CLANG_CXX_LIBRARY = "libc++";
				CLANG_ENABLE_MODULES = YES;
				CLANG_ENABLE_OBJC_ARC = YES;
				CLANG_WARN_BOOL_CONVERSION = YES;
				CLANG_WARN_CONSTANT_CONVERSION = YES;
				CLANG_WARN_DIRECT_OBJC_ISA_USAGE = YES_ERROR;
				CLANG_WARN_DOCUMENTATION_COMMENTS = YES;
				CLANG_WARN_EMPTY_BODY = YES;
				CLANG_WARN_ENUM_CONVERSION = YES;
				CLANG_WARN_INFINITE_RECURSION = YES;
				CLANG_WARN_INT_CONVERSION = YES;
				CLANG_WARN_OBJC_ROOT_CLASS = YES_ERROR;
				CLANG_WARN_SUSPICIOUS_MOVE = YES;
				CLANG_WARN_UNREACHABLE_CODE = YES;
				CLANG_WARN__DUPLICATE_METHOD_MATCH = YES;
				"CODE_SIGN_IDENTITY[sdk=iphoneos*]" = "iPhone Developer";
				COPY_PHASE_STRIP = NO;
				DEBUG_INFORMATION_FORMAT = dwarf;
				ENABLE_STRICT_OBJC_MSGSEND = YES;
				ENABLE_TESTABILITY = YES;
				GCC_C_LANGUAGE_STANDARD = gnu99;
				GCC_DYNAMIC_NO_PIC = NO;
				GCC_NO_COMMON_BLOCKS = YES;
				GCC_OPTIMIZATION_LEVEL = 0;
				GCC_PREPROCESSOR_DEFINITIONS = (
					"DEBUG=1",
					"$(inherited)",
				);
				GCC_WARN_64_TO_32_BIT_CONVERSION = YES;
				GCC_WARN_ABOUT_RETURN_TYPE = YES_ERROR;
				GCC_WARN_UNDECLARED_SELECTOR = YES;
				GCC_WARN_UNINITIALIZED_AUTOS = YES_AGGRESSIVE;
				GCC_WARN_UNUSED_FUNCTION = YES;
				GCC_WARN_UNUSED_VARIABLE = YES;
				IPHONEOS_DEPLOYMENT_TARGET = 10.3;
				MTL_ENABLE_DEBUG_INFO = YES;
				ONLY_ACTIVE_ARCH = YES;
				SDKROOT = iphoneos;
				SWIFT_ACTIVE_COMPILATION_CONDITIONS = DEBUG;
				SWIFT_OPTIMIZATION_LEVEL = "-Onone";
			};
			name = Debug;
		};
		355B5EE61F260ABE007D536E /* Release */ = {
			isa = XCBuildConfiguration;
			buildSettings = {
				ALWAYS_SEARCH_USER_PATHS = NO;
				CLANG_ANALYZER_NONNULL = YES;
				CLANG_ANALYZER_NUMBER_OBJECT_CONVERSION = YES_AGGRESSIVE;
				CLANG_CXX_LANGUAGE_STANDARD = "gnu++0x";
				CLANG_CXX_LIBRARY = "libc++";
				CLANG_ENABLE_MODULES = YES;
				CLANG_ENABLE_OBJC_ARC = YES;
				CLANG_WARN_BOOL_CONVERSION = YES;
				CLANG_WARN_CONSTANT_CONVERSION = YES;
				CLANG_WARN_DIRECT_OBJC_ISA_USAGE = YES_ERROR;
				CLANG_WARN_DOCUMENTATION_COMMENTS = YES;
				CLANG_WARN_EMPTY_BODY = YES;
				CLANG_WARN_ENUM_CONVERSION = YES;
				CLANG_WARN_INFINITE_RECURSION = YES;
				CLANG_WARN_INT_CONVERSION = YES;
				CLANG_WARN_OBJC_ROOT_CLASS = YES_ERROR;
				CLANG_WARN_SUSPICIOUS_MOVE = YES;
				CLANG_WARN_UNREACHABLE_CODE = YES;
				CLANG_WARN__DUPLICATE_METHOD_MATCH = YES;
				"CODE_SIGN_IDENTITY[sdk=iphoneos*]" = "iPhone Developer";
				COPY_PHASE_STRIP = NO;
				DEBUG_INFORMATION_FORMAT = "dwarf-with-dsym";
				ENABLE_NS_ASSERTIONS = NO;
				ENABLE_STRICT_OBJC_MSGSEND = YES;
				GCC_C_LANGUAGE_STANDARD = gnu99;
				GCC_NO_COMMON_BLOCKS = YES;
				GCC_WARN_64_TO_32_BIT_CONVERSION = YES;
				GCC_WARN_ABOUT_RETURN_TYPE = YES_ERROR;
				GCC_WARN_UNDECLARED_SELECTOR = YES;
				GCC_WARN_UNINITIALIZED_AUTOS = YES_AGGRESSIVE;
				GCC_WARN_UNUSED_FUNCTION = YES;
				GCC_WARN_UNUSED_VARIABLE = YES;
				IPHONEOS_DEPLOYMENT_TARGET = 10.3;
				MTL_ENABLE_DEBUG_INFO = NO;
				SDKROOT = iphoneos;
				SWIFT_OPTIMIZATION_LEVEL = "-Owholemodule";
				VALIDATE_PRODUCT = YES;
			};
			name = Release;
		};
		355B5EE81F260ABE007D536E /* Debug */ = {
			isa = XCBuildConfiguration;
			buildSettings = {
				ASSETCATALOG_COMPILER_APPICON_NAME = AppIcon;
				"CODE_SIGN_IDENTITY[sdk=iphoneos*]" = "iPhone Developer";
				DEBUG_INFORMATION_FORMAT = "dwarf-with-dsym";
				DEVELOPMENT_TEAM = A4T23767YU;
				INFOPLIST_FILE = MedCampusNaviWithExtras/Info.plist;
				IPHONEOS_DEPLOYMENT_TARGET = 10.0;
				LD_RUNPATH_SEARCH_PATHS = "$(inherited) @executable_path/Frameworks";
				PRODUCT_BUNDLE_IDENTIFIER = at.medunigraz.MedCampusNaviWithExtras;
				PRODUCT_NAME = "$(TARGET_NAME)";
				PROVISIONING_PROFILE_SPECIFIER = "";
				SWIFT_VERSION = 3.0;
			};
			name = Debug;
		};
		355B5EE91F260ABE007D536E /* Release */ = {
			isa = XCBuildConfiguration;
			buildSettings = {
				ASSETCATALOG_COMPILER_APPICON_NAME = AppIcon;
				"CODE_SIGN_IDENTITY[sdk=iphoneos*]" = "iPhone Developer";
				DEVELOPMENT_TEAM = A4T23767YU;
				INFOPLIST_FILE = MedCampusNaviWithExtras/Info.plist;
				IPHONEOS_DEPLOYMENT_TARGET = 10.0;
				LD_RUNPATH_SEARCH_PATHS = "$(inherited) @executable_path/Frameworks";
				PRODUCT_BUNDLE_IDENTIFIER = at.medunigraz.MedCampusNaviWithExtras;
				PRODUCT_NAME = "$(TARGET_NAME)";
				PROVISIONING_PROFILE_SPECIFIER = "";
				SWIFT_VERSION = 3.0;
			};
			name = Release;
		};
		355B5EEB1F260ABE007D536E /* Debug */ = {
			isa = XCBuildConfiguration;
			buildSettings = {
				ALWAYS_EMBED_SWIFT_STANDARD_LIBRARIES = YES;
				BUNDLE_LOADER = "$(TEST_HOST)";
				DEVELOPMENT_TEAM = 87HXM2W5TD;
				INFOPLIST_FILE = MedCampusNaviWithExtrasTests/Info.plist;
				LD_RUNPATH_SEARCH_PATHS = "$(inherited) @executable_path/Frameworks @loader_path/Frameworks";
				PRODUCT_BUNDLE_IDENTIFIER = meduni.MedCampusNaviWithExtrasTests;
				PRODUCT_NAME = "$(TARGET_NAME)";
				SWIFT_VERSION = 3.0;
				TEST_HOST = "$(BUILT_PRODUCTS_DIR)/MedCampusNaviWithExtras.app/MedCampusNaviWithExtras";
			};
			name = Debug;
		};
		355B5EEC1F260ABE007D536E /* Release */ = {
			isa = XCBuildConfiguration;
			buildSettings = {
				ALWAYS_EMBED_SWIFT_STANDARD_LIBRARIES = YES;
				BUNDLE_LOADER = "$(TEST_HOST)";
				DEVELOPMENT_TEAM = 87HXM2W5TD;
				INFOPLIST_FILE = MedCampusNaviWithExtrasTests/Info.plist;
				LD_RUNPATH_SEARCH_PATHS = "$(inherited) @executable_path/Frameworks @loader_path/Frameworks";
				PRODUCT_BUNDLE_IDENTIFIER = meduni.MedCampusNaviWithExtrasTests;
				PRODUCT_NAME = "$(TARGET_NAME)";
				SWIFT_VERSION = 3.0;
				TEST_HOST = "$(BUILT_PRODUCTS_DIR)/MedCampusNaviWithExtras.app/MedCampusNaviWithExtras";
			};
			name = Release;
		};
		355B5EEE1F260ABE007D536E /* Debug */ = {
			isa = XCBuildConfiguration;
			buildSettings = {
				ALWAYS_EMBED_SWIFT_STANDARD_LIBRARIES = YES;
				DEVELOPMENT_TEAM = 87HXM2W5TD;
				INFOPLIST_FILE = MedCampusNaviWithExtrasUITests/Info.plist;
				LD_RUNPATH_SEARCH_PATHS = "$(inherited) @executable_path/Frameworks @loader_path/Frameworks";
				PRODUCT_BUNDLE_IDENTIFIER = meduni.MedCampusNaviWithExtrasUITests;
				PRODUCT_NAME = "$(TARGET_NAME)";
				SWIFT_VERSION = 3.0;
				TEST_TARGET_NAME = MedCampusNaviWithExtras;
			};
			name = Debug;
		};
		355B5EEF1F260ABE007D536E /* Release */ = {
			isa = XCBuildConfiguration;
			buildSettings = {
				ALWAYS_EMBED_SWIFT_STANDARD_LIBRARIES = YES;
				DEVELOPMENT_TEAM = 87HXM2W5TD;
				INFOPLIST_FILE = MedCampusNaviWithExtrasUITests/Info.plist;
				LD_RUNPATH_SEARCH_PATHS = "$(inherited) @executable_path/Frameworks @loader_path/Frameworks";
				PRODUCT_BUNDLE_IDENTIFIER = meduni.MedCampusNaviWithExtrasUITests;
				PRODUCT_NAME = "$(TARGET_NAME)";
				SWIFT_VERSION = 3.0;
				TEST_TARGET_NAME = MedCampusNaviWithExtras;
			};
			name = Release;
		};
/* End XCBuildConfiguration section */

/* Begin XCConfigurationList section */
		355B5EB81F260ABE007D536E /* Build configuration list for PBXProject "MedCampusNaviWithExtras" */ = {
			isa = XCConfigurationList;
			buildConfigurations = (
				355B5EE51F260ABE007D536E /* Debug */,
				355B5EE61F260ABE007D536E /* Release */,
			);
			defaultConfigurationIsVisible = 0;
			defaultConfigurationName = Release;
		};
		355B5EE71F260ABE007D536E /* Build configuration list for PBXNativeTarget "MedCampusNaviWithExtras" */ = {
			isa = XCConfigurationList;
			buildConfigurations = (
				355B5EE81F260ABE007D536E /* Debug */,
				355B5EE91F260ABE007D536E /* Release */,
			);
			defaultConfigurationIsVisible = 0;
			defaultConfigurationName = Release;
		};
		355B5EEA1F260ABE007D536E /* Build configuration list for PBXNativeTarget "MedCampusNaviWithExtrasTests" */ = {
			isa = XCConfigurationList;
			buildConfigurations = (
				355B5EEB1F260ABE007D536E /* Debug */,
				355B5EEC1F260ABE007D536E /* Release */,
			);
			defaultConfigurationIsVisible = 0;
			defaultConfigurationName = Release;
		};
		355B5EED1F260ABE007D536E /* Build configuration list for PBXNativeTarget "MedCampusNaviWithExtrasUITests" */ = {
			isa = XCConfigurationList;
			buildConfigurations = (
				355B5EEE1F260ABE007D536E /* Debug */,
				355B5EEF1F260ABE007D536E /* Release */,
			);
			defaultConfigurationIsVisible = 0;
			defaultConfigurationName = Release;
		};
/* End XCConfigurationList section */
	};
	rootObject = 355B5EB51F260ABE007D536E /* Project object */;
}
